<?xml version="1.0" encoding="utf-8"?>
<Project ToolsVersion="4.0" xmlns="http://schemas.microsoft.com/developer/msbuild/2003">
  <ItemGroup>
    <Filter Include="Source">
      <UniqueIdentifier>{3753bf05-280a-4860-a9a5-abe52b252045}</UniqueIdentifier>
    </Filter>
    <Filter Include="Source\Math">
      <UniqueIdentifier>{92b13b15-d769-4eb7-b006-1d901a1d9c9f}</UniqueIdentifier>
    </Filter>
    <Filter Include="Source\Input">
      <UniqueIdentifier>{5105ae1e-f8f5-40ef-855d-2ca13ca8ae0f}</UniqueIdentifier>
    </Filter>
    <Filter Include="Source\Graphics">
      <UniqueIdentifier>{6439c650-7d9e-47f6-86d3-02da203d86fd}</UniqueIdentifier>
    </Filter>
    <Filter Include="Source\Camera">
      <UniqueIdentifier>{364b625d-3c71-4bf0-9728-b520057b4d5a}</UniqueIdentifier>
    </Filter>
    <Filter Include="Source\Audio">
      <UniqueIdentifier>{93a0d605-e66f-4b11-92c4-8ed34e3f858a}</UniqueIdentifier>
    </Filter>
    <Filter Include="Shader">
      <UniqueIdentifier>{c938937c-2b87-4d63-8ba7-2ef0dd5c6703}</UniqueIdentifier>
    </Filter>
    <Filter Include="imgui">
      <UniqueIdentifier>{56255a66-6eb0-453a-8497-b613db26ecba}</UniqueIdentifier>
    </Filter>
    <Filter Include="Source\Render">
      <UniqueIdentifier>{e76c2537-b7d7-42bd-b504-547c986c7cb8}</UniqueIdentifier>
    </Filter>
    <Filter Include="Source\Light">
      <UniqueIdentifier>{20909cbb-1262-4a1c-b3ea-8e388afd45f8}</UniqueIdentifier>
    </Filter>
    <Filter Include="Source\Core">
      <UniqueIdentifier>{a8dca8af-4ce7-4ece-8f50-16def59810df}</UniqueIdentifier>
    </Filter>
    <Filter Include="Source\Diagnstics">
      <UniqueIdentifier>{f9809d69-b59d-4431-91d1-dc33956dc515}</UniqueIdentifier>
    </Filter>
  </ItemGroup>
  <ItemGroup>
    <ClCompile Include="..\Source\Audio\AudioManager.cpp">
      <Filter>Source\Audio</Filter>
    </ClCompile>
    <ClCompile Include="..\Source\Camera\Camera.cpp">
      <Filter>Source\Camera</Filter>
    </ClCompile>
    <ClCompile Include="..\Source\Camera\DebugCamera.cpp">
      <Filter>Source\Camera</Filter>
    </ClCompile>
    <ClCompile Include="..\Source\Graphics\D3D12Utility.cpp">
      <Filter>Source\Graphics</Filter>
    </ClCompile>
    <ClCompile Include="..\Source\Graphics\GraphicsPipeline.cpp">
      <Filter>Source\Graphics</Filter>
    </ClCompile>
    <ClCompile Include="..\Source\Graphics\ShaderCompiler.cpp">
      <Filter>Source\Graphics</Filter>
    </ClCompile>
    <ClCompile Include="..\Source\Graphics\TextureManager.cpp">
      <Filter>Source\Graphics</Filter>
    </ClCompile>
    <ClCompile Include="..\Source\Input\InputManager.cpp">
      <Filter>Source\Input</Filter>
    </ClCompile>
    <ClCompile Include="..\Source\Math\Matrix4x4.cpp">
      <Filter>Source\Math</Filter>
    </ClCompile>
    <ClCompile Include="..\Source\main.cpp">
      <Filter>Source</Filter>
    </ClCompile>
    <ClCompile Include="..\externals\imgui\imgui.cpp">
      <Filter>imgui</Filter>
    </ClCompile>
    <ClCompile Include="..\externals\imgui\imgui_demo.cpp">
      <Filter>imgui</Filter>
    </ClCompile>
    <ClCompile Include="..\externals\imgui\imgui_draw.cpp">
      <Filter>imgui</Filter>
    </ClCompile>
    <ClCompile Include="..\externals\imgui\imgui_tables.cpp">
      <Filter>imgui</Filter>
    </ClCompile>
    <ClCompile Include="..\externals\imgui\imgui_widgets.cpp">
      <Filter>imgui</Filter>
    </ClCompile>
    <ClCompile Include="..\externals\imgui\backends\imgui_impl_dx12.cpp">
      <Filter>imgui</Filter>
    </ClCompile>
    <ClCompile Include="..\externals\imgui\backends\imgui_impl_win32.cpp">
      <Filter>imgui</Filter>
    </ClCompile>
    <ClCompile Include="..\Source\Math\Transform.cpp">
      <Filter>Source\Math</Filter>
    </ClCompile>
    <ClCompile Include="..\Source\Render\Material.cpp">
      <Filter>Source\Render</Filter>
    </ClCompile>
    <ClCompile Include="..\Source\Render\Mesh.cpp">
      <Filter>Source\Render</Filter>
    </ClCompile>
    <ClCompile Include="..\Source\Render\Model.cpp">
      <Filter>Source\Render</Filter>
    </ClCompile>
    <ClCompile Include="..\Source\Render\Sprite.cpp">
      <Filter>Source\Render</Filter>
    </ClCompile>
    <ClCompile Include="..\Source\Light\DirectionalLight.cpp">
      <Filter>Source\Light</Filter>
    </ClCompile>
    <ClCompile Include="..\Source\Graphics\DirectXCommon.cpp">
      <Filter>Source\Graphics</Filter>
    </ClCompile>
    <ClCompile Include="..\Source\Graphics\CommandContext.cpp">
      <Filter>Source\Graphics</Filter>
    </ClCompile>
    <ClCompile Include="..\Source\Graphics\GraphicsDevice.cpp">
      <Filter>Source\Graphics</Filter>
    </ClCompile>
    <ClCompile Include="..\Source\Graphics\GraphicsSystem.cpp">
      <Filter>Source\Graphics</Filter>
    </ClCompile>
    <ClCompile Include="..\Source\Graphics\SwapChain.cpp">
      <Filter>Source\Graphics</Filter>
    </ClCompile>
    <ClCompile Include="..\Source\Core\StarEngine.cpp">
      <Filter>Source\Core</Filter>
    </ClCompile>
    <ClCompile Include="..\Source\Core\StringUtility.cpp">
      <Filter>Source\Core</Filter>
    </ClCompile>
    <ClCompile Include="..\Source\Core\WinApp.cpp">
      <Filter>Source\Core</Filter>
    </ClCompile>
    <ClCompile Include="..\Source\Diagnostics\CrashHandler.cpp">
      <Filter>Source\Diagnstics</Filter>
    </ClCompile>
    <ClCompile Include="..\Source\Diagnostics\Logger.cpp">
      <Filter>Source\Diagnstics</Filter>
    </ClCompile>
  </ItemGroup>
  <ItemGroup>
    <ClInclude Include="..\Source\Audio\AudioManager.h">
      <Filter>Source\Audio</Filter>
    </ClInclude>
    <ClInclude Include="..\Source\Camera\Camera.h">
      <Filter>Source\Camera</Filter>
    </ClInclude>
    <ClInclude Include="..\Source\Camera\DebugCamera.h">
      <Filter>Source\Camera</Filter>
    </ClInclude>
    <ClInclude Include="..\Source\Graphics\D3D12Utility.h">
      <Filter>Source\Graphics</Filter>
    </ClInclude>
    <ClInclude Include="..\Source\Graphics\GraphicsPipeline.h">
      <Filter>Source\Graphics</Filter>
    </ClInclude>
    <ClInclude Include="..\Source\Graphics\ShaderCompiler.h">
      <Filter>Source\Graphics</Filter>
    </ClInclude>
    <ClInclude Include="..\Source\Graphics\TextureManager.h">
      <Filter>Source\Graphics</Filter>
    </ClInclude>
    <ClInclude Include="..\Source\Input\InputManager.h">
      <Filter>Source\Input</Filter>
    </ClInclude>
    <ClInclude Include="..\Source\Math\Matrix4x4.h">
      <Filter>Source\Math</Filter>
    </ClInclude>
    <ClInclude Include="..\Source\Math\Vector2.h">
      <Filter>Source\Math</Filter>
    </ClInclude>
    <ClInclude Include="..\Source\Math\Vector4.h">
      <Filter>Source\Math</Filter>
    </ClInclude>
    <ClInclude Include="..\externals\imgui\imconfig.h">
      <Filter>imgui</Filter>
    </ClInclude>
    <ClInclude Include="..\externals\imgui\imgui.h">
      <Filter>imgui</Filter>
    </ClInclude>
    <ClInclude Include="..\externals\imgui\imgui_internal.h">
      <Filter>imgui</Filter>
    </ClInclude>
    <ClInclude Include="..\externals\imgui\imstb_rectpack.h">
      <Filter>imgui</Filter>
    </ClInclude>
    <ClInclude Include="..\externals\imgui\imstb_textedit.h">
      <Filter>imgui</Filter>
    </ClInclude>
    <ClInclude Include="..\externals\imgui\imstb_truetype.h">
      <Filter>imgui</Filter>
    </ClInclude>
    <ClInclude Include="..\externals\imgui\backends\imgui_impl_dx12.h">
      <Filter>imgui</Filter>
    </ClInclude>
    <ClInclude Include="..\externals\imgui\backends\imgui_impl_win32.h">
      <Filter>imgui</Filter>
    </ClInclude>
    <ClInclude Include="..\Source\Math\Vector3.h">
      <Filter>Source\Math</Filter>
    </ClInclude>
    <ClInclude Include="..\Source\Math\Transform.h">
      <Filter>Source\Math</Filter>
    </ClInclude>
    <ClInclude Include="..\Source\Render\Material.h">
      <Filter>Source\Render</Filter>
    </ClInclude>
    <ClInclude Include="..\Source\Render\Mesh.h">
      <Filter>Source\Render</Filter>
    </ClInclude>
    <ClInclude Include="..\Source\Render\Model.h">
      <Filter>Source\Render</Filter>
    </ClInclude>
    <ClInclude Include="..\Source\Render\Sprite.h">
      <Filter>Source\Render</Filter>
    </ClInclude>
    <ClInclude Include="..\Source\Light\DirectionalLight.h">
      <Filter>Source\Light</Filter>
    </ClInclude>
    <ClInclude Include="..\Source\Graphics\DirectXCommon.h">
      <Filter>Source\Graphics</Filter>
    </ClInclude>
    <ClInclude Include="..\Source\Graphics\CommandContext.h">
      <Filter>Source\Graphics</Filter>
    </ClInclude>
    <ClInclude Include="..\Source\Graphics\GraphicsDevice.h">
      <Filter>Source\Graphics</Filter>
    </ClInclude>
    <ClInclude Include="..\Source\Graphics\GraphicsSystem.h">
      <Filter>Source\Graphics</Filter>
    </ClInclude>
    <ClInclude Include="..\Source\Graphics\SwapChain.h">
      <Filter>Source\Graphics</Filter>
    </ClInclude>
    <ClInclude Include="..\Source\Core\StarEngine.h">
      <Filter>Source\Core</Filter>
    </ClInclude>
    <ClInclude Include="..\Source\Core\StringUtility.h">
      <Filter>Source\Core</Filter>
    </ClInclude>
    <ClInclude Include="..\Source\Core\WinApp.h">
      <Filter>Source\Core</Filter>
    </ClInclude>
    <ClInclude Include="..\Source\Diagnostics\CrashHandler.h">
      <Filter>Source\Diagnstics</Filter>
    </ClInclude>
    <ClInclude Include="..\Source\Diagnostics\D3D12ResourceLeakChecker.h">
      <Filter>Source\Diagnstics</Filter>
    </ClInclude>
    <ClInclude Include="..\Source\Diagnostics\Logger.h">
      <Filter>Source\Diagnstics</Filter>
    </ClInclude>
  </ItemGroup>
  <ItemGroup>
    <None Include="..\Shader\Object3d.hlsli">
      <Filter>Shader</Filter>
    </None>
  </ItemGroup>
  <ItemGroup>
    <FxCompile Include="..\Shader\Object3d.PS.hlsl">
      <Filter>Shader</Filter>
    </FxCompile>
    <FxCompile Include="..\Shader\Object3d.VS.hlsl">
      <Filter>Shader</Filter>
    </FxCompile>
  </ItemGroup>
  <ItemGroup>
    <Text Include="..\externals\imgui\LICENSE.txt">
      <Filter>imgui</Filter>
    </Text>
  </ItemGroup>
</Project>